// !$*UTF8*$!
{
	archiveVersion = 1;
	classes = {
	};
	objectVersion = 56;
	objects = {

/* Begin PBXBuildFile section */
		A798C4AB2943D3EF006AD36C /* AppDelegate.swift in Sources */ = {isa = PBXBuildFile; fileRef = A798C4AA2943D3EF006AD36C /* AppDelegate.swift */; };
		A798C4AD2943D3EF006AD36C /* ContentView.swift in Sources */ = {isa = PBXBuildFile; fileRef = A798C4AC2943D3EF006AD36C /* ContentView.swift */; };
		A798C4AF2943D3EF006AD36C /* Experience.rcproject in Sources */ = {isa = PBXBuildFile; fileRef = A798C4AE2943D3EF006AD36C /* Experience.rcproject */; };
		A798C4B12943D3F0006AD36C /* Assets.xcassets in Resources */ = {isa = PBXBuildFile; fileRef = A798C4B02943D3F0006AD36C /* Assets.xcassets */; };
		A798C4B42943D3F0006AD36C /* Preview Assets.xcassets in Resources */ = {isa = PBXBuildFile; fileRef = A798C4B32943D3F0006AD36C /* Preview Assets.xcassets */; };
		A798C4BE2943D3F0006AD36C /* RecognizeSmileWIthARTests.swift in Sources */ = {isa = PBXBuildFile; fileRef = A798C4BD2943D3F0006AD36C /* RecognizeSmileWIthARTests.swift */; };
		A798C4C82943D3F0006AD36C /* RecognizeSmileWIthARUITests.swift in Sources */ = {isa = PBXBuildFile; fileRef = A798C4C72943D3F0006AD36C /* RecognizeSmileWIthARUITests.swift */; };
		A798C4CA2943D3F0006AD36C /* RecognizeSmileWIthARUITestsLaunchTests.swift in Sources */ = {isa = PBXBuildFile; fileRef = A798C4C92943D3F0006AD36C /* RecognizeSmileWIthARUITestsLaunchTests.swift */; };
		A798C4D72943D5EB006AD36C /* ARModel.swift in Sources */ = {isa = PBXBuildFile; fileRef = A798C4D62943D5EB006AD36C /* ARModel.swift */; };
		A798C4D92943D660006AD36C /* ARViewModel.swift in Sources */ = {isa = PBXBuildFile; fileRef = A798C4D82943D660006AD36C /* ARViewModel.swift */; };
/* End PBXBuildFile section */

/* Begin PBXContainerItemProxy section */
		A798C4BA2943D3F0006AD36C /* PBXContainerItemProxy */ = {
			isa = PBXContainerItemProxy;
			containerPortal = A798C49F2943D3EF006AD36C /* Project object */;
			proxyType = 1;
			remoteGlobalIDString = A798C4A62943D3EF006AD36C;
			remoteInfo = RecognizeSmileWIthAR;
		};
		A798C4C42943D3F0006AD36C /* PBXContainerItemProxy */ = {
			isa = PBXContainerItemProxy;
			containerPortal = A798C49F2943D3EF006AD36C /* Project object */;
			proxyType = 1;
			remoteGlobalIDString = A798C4A62943D3EF006AD36C;
			remoteInfo = RecognizeSmileWIthAR;
		};
/* End PBXContainerItemProxy section */

/* Begin PBXFileReference section */
		A798C4A72943D3EF006AD36C /* RecognizeSmileWIthAR.app */ = {isa = PBXFileReference; explicitFileType = wrapper.application; includeInIndex = 0; path = RecognizeSmileWIthAR.app; sourceTree = BUILT_PRODUCTS_DIR; };
		A798C4AA2943D3EF006AD36C /* AppDelegate.swift */ = {isa = PBXFileReference; lastKnownFileType = sourcecode.swift; path = AppDelegate.swift; sourceTree = "<group>"; };
		A798C4AC2943D3EF006AD36C /* ContentView.swift */ = {isa = PBXFileReference; lastKnownFileType = sourcecode.swift; path = ContentView.swift; sourceTree = "<group>"; };
		A798C4AE2943D3EF006AD36C /* Experience.rcproject */ = {isa = PBXFileReference; lastKnownFileType = file.rcproject; path = Experience.rcproject; sourceTree = "<group>"; };
		A798C4B02943D3F0006AD36C /* Assets.xcassets */ = {isa = PBXFileReference; lastKnownFileType = folder.assetcatalog; path = Assets.xcassets; sourceTree = "<group>"; };
		A798C4B32943D3F0006AD36C /* Preview Assets.xcassets */ = {isa = PBXFileReference; lastKnownFileType = folder.assetcatalog; path = "Preview Assets.xcassets"; sourceTree = "<group>"; };
		A798C4B92943D3F0006AD36C /* RecognizeSmileWIthARTests.xctest */ = {isa = PBXFileReference; explicitFileType = wrapper.cfbundle; includeInIndex = 0; path = RecognizeSmileWIthARTests.xctest; sourceTree = BUILT_PRODUCTS_DIR; };
		A798C4BD2943D3F0006AD36C /* RecognizeSmileWIthARTests.swift */ = {isa = PBXFileReference; lastKnownFileType = sourcecode.swift; path = RecognizeSmileWIthARTests.swift; sourceTree = "<group>"; };
		A798C4C32943D3F0006AD36C /* RecognizeSmileWIthARUITests.xctest */ = {isa = PBXFileReference; explicitFileType = wrapper.cfbundle; includeInIndex = 0; path = RecognizeSmileWIthARUITests.xctest; sourceTree = BUILT_PRODUCTS_DIR; };
		A798C4C72943D3F0006AD36C /* RecognizeSmileWIthARUITests.swift */ = {isa = PBXFileReference; lastKnownFileType = sourcecode.swift; path = RecognizeSmileWIthARUITests.swift; sourceTree = "<group>"; };
		A798C4C92943D3F0006AD36C /* RecognizeSmileWIthARUITestsLaunchTests.swift */ = {isa = PBXFileReference; lastKnownFileType = sourcecode.swift; path = RecognizeSmileWIthARUITestsLaunchTests.swift; sourceTree = "<group>"; };
		A798C4D62943D5EB006AD36C /* ARModel.swift */ = {isa = PBXFileReference; lastKnownFileType = sourcecode.swift; path = ARModel.swift; sourceTree = "<group>"; };
		A798C4D82943D660006AD36C /* ARViewModel.swift */ = {isa = PBXFileReference; lastKnownFileType = sourcecode.swift; path = ARViewModel.swift; sourceTree = "<group>"; };
/* End PBXFileReference section */

/* Begin PBXFrameworksBuildPhase section */
		A798C4A42943D3EF006AD36C /* Frameworks */ = {
			isa = PBXFrameworksBuildPhase;
			buildActionMask = 2147483647;
			files = (
			);
			runOnlyForDeploymentPostprocessing = 0;
		};
		A798C4B62943D3F0006AD36C /* Frameworks */ = {
			isa = PBXFrameworksBuildPhase;
			buildActionMask = 2147483647;
			files = (
			);
			runOnlyForDeploymentPostprocessing = 0;
		};
		A798C4C02943D3F0006AD36C /* Frameworks */ = {
			isa = PBXFrameworksBuildPhase;
			buildActionMask = 2147483647;
			files = (
			);
			runOnlyForDeploymentPostprocessing = 0;
		};
/* End PBXFrameworksBuildPhase section */

/* Begin PBXGroup section */
		A798C49E2943D3EF006AD36C = {
			isa = PBXGroup;
			children = (
				A798C4A92943D3EF006AD36C /* RecognizeSmileWIthAR */,
				A798C4BC2943D3F0006AD36C /* RecognizeSmileWIthARTests */,
				A798C4C62943D3F0006AD36C /* RecognizeSmileWIthARUITests */,
				A798C4A82943D3EF006AD36C /* Products */,
			);
			sourceTree = "<group>";
		};
		A798C4A82943D3EF006AD36C /* Products */ = {
			isa = PBXGroup;
			children = (
				A798C4A72943D3EF006AD36C /* RecognizeSmileWIthAR.app */,
				A798C4B92943D3F0006AD36C /* RecognizeSmileWIthARTests.xctest */,
				A798C4C32943D3F0006AD36C /* RecognizeSmileWIthARUITests.xctest */,
			);
			name = Products;
			sourceTree = "<group>";
		};
		A798C4A92943D3EF006AD36C /* RecognizeSmileWIthAR */ = {
			isa = PBXGroup;
			children = (
				A798C4AA2943D3EF006AD36C /* AppDelegate.swift */,
				A798C4D82943D660006AD36C /* ARViewModel.swift */,
				A798C4D62943D5EB006AD36C /* ARModel.swift */,
				A798C4AC2943D3EF006AD36C /* ContentView.swift */,
				A798C4AE2943D3EF006AD36C /* Experience.rcproject */,
				A798C4B02943D3F0006AD36C /* Assets.xcassets */,
				A798C4B22943D3F0006AD36C /* Preview Content */,
			);
			path = RecognizeSmileWIthAR;
			sourceTree = "<group>";
		};
		A798C4B22943D3F0006AD36C /* Preview Content */ = {
			isa = PBXGroup;
			children = (
				A798C4B32943D3F0006AD36C /* Preview Assets.xcassets */,
			);
			path = "Preview Content";
			sourceTree = "<group>";
		};
		A798C4BC2943D3F0006AD36C /* RecognizeSmileWIthARTests */ = {
			isa = PBXGroup;
			children = (
				A798C4BD2943D3F0006AD36C /* RecognizeSmileWIthARTests.swift */,
			);
			path = RecognizeSmileWIthARTests;
			sourceTree = "<group>";
		};
		A798C4C62943D3F0006AD36C /* RecognizeSmileWIthARUITests */ = {
			isa = PBXGroup;
			children = (
				A798C4C72943D3F0006AD36C /* RecognizeSmileWIthARUITests.swift */,
				A798C4C92943D3F0006AD36C /* RecognizeSmileWIthARUITestsLaunchTests.swift */,
			);
			path = RecognizeSmileWIthARUITests;
			sourceTree = "<group>";
		};
/* End PBXGroup section */

/* Begin PBXNativeTarget section */
		A798C4A62943D3EF006AD36C /* RecognizeSmileWIthAR */ = {
			isa = PBXNativeTarget;
			buildConfigurationList = A798C4CD2943D3F0006AD36C /* Build configuration list for PBXNativeTarget "RecognizeSmileWIthAR" */;
			buildPhases = (
				A798C4A32943D3EF006AD36C /* Sources */,
				A798C4A42943D3EF006AD36C /* Frameworks */,
				A798C4A52943D3EF006AD36C /* Resources */,
			);
			buildRules = (
			);
			dependencies = (
			);
			name = RecognizeSmileWIthAR;
			productName = RecognizeSmileWIthAR;
			productReference = A798C4A72943D3EF006AD36C /* RecognizeSmileWIthAR.app */;
			productType = "com.apple.product-type.application";
		};
		A798C4B82943D3F0006AD36C /* RecognizeSmileWIthARTests */ = {
			isa = PBXNativeTarget;
			buildConfigurationList = A798C4D02943D3F0006AD36C /* Build configuration list for PBXNativeTarget "RecognizeSmileWIthARTests" */;
			buildPhases = (
				A798C4B52943D3F0006AD36C /* Sources */,
				A798C4B62943D3F0006AD36C /* Frameworks */,
				A798C4B72943D3F0006AD36C /* Resources */,
			);
			buildRules = (
			);
			dependencies = (
				A798C4BB2943D3F0006AD36C /* PBXTargetDependency */,
			);
			name = RecognizeSmileWIthARTests;
			productName = RecognizeSmileWIthARTests;
			productReference = A798C4B92943D3F0006AD36C /* RecognizeSmileWIthARTests.xctest */;
			productType = "com.apple.product-type.bundle.unit-test";
		};
		A798C4C22943D3F0006AD36C /* RecognizeSmileWIthARUITests */ = {
			isa = PBXNativeTarget;
			buildConfigurationList = A798C4D32943D3F0006AD36C /* Build configuration list for PBXNativeTarget "RecognizeSmileWIthARUITests" */;
			buildPhases = (
				A798C4BF2943D3F0006AD36C /* Sources */,
				A798C4C02943D3F0006AD36C /* Frameworks */,
				A798C4C12943D3F0006AD36C /* Resources */,
			);
			buildRules = (
			);
			dependencies = (
				A798C4C52943D3F0006AD36C /* PBXTargetDependency */,
			);
			name = RecognizeSmileWIthARUITests;
			productName = RecognizeSmileWIthARUITests;
			productReference = A798C4C32943D3F0006AD36C /* RecognizeSmileWIthARUITests.xctest */;
			productType = "com.apple.product-type.bundle.ui-testing";
		};
/* End PBXNativeTarget section */

/* Begin PBXProject section */
		A798C49F2943D3EF006AD36C /* Project object */ = {
			isa = PBXProject;
			attributes = {
				BuildIndependentTargetsInParallel = 1;
				LastSwiftUpdateCheck = 1410;
				LastUpgradeCheck = 1410;
				TargetAttributes = {
					A798C4A62943D3EF006AD36C = {
						CreatedOnToolsVersion = 14.1;
					};
					A798C4B82943D3F0006AD36C = {
						CreatedOnToolsVersion = 14.1;
						TestTargetID = A798C4A62943D3EF006AD36C;
					};
					A798C4C22943D3F0006AD36C = {
						CreatedOnToolsVersion = 14.1;
						TestTargetID = A798C4A62943D3EF006AD36C;
					};
				};
			};
			buildConfigurationList = A798C4A22943D3EF006AD36C /* Build configuration list for PBXProject "RecognizeSmileWIthAR" */;
			compatibilityVersion = "Xcode 14.0";
			developmentRegion = en;
			hasScannedForEncodings = 0;
			knownRegions = (
				en,
				Base,
			);
			mainGroup = A798C49E2943D3EF006AD36C;
			productRefGroup = A798C4A82943D3EF006AD36C /* Products */;
			projectDirPath = "";
			projectRoot = "";
			targets = (
				A798C4A62943D3EF006AD36C /* RecognizeSmileWIthAR */,
				A798C4B82943D3F0006AD36C /* RecognizeSmileWIthARTests */,
				A798C4C22943D3F0006AD36C /* RecognizeSmileWIthARUITests */,
			);
		};
/* End PBXProject section */

/* Begin PBXResourcesBuildPhase section */
		A798C4A52943D3EF006AD36C /* Resources */ = {
			isa = PBXResourcesBuildPhase;
			buildActionMask = 2147483647;
			files = (
				A798C4B42943D3F0006AD36C /* Preview Assets.xcassets in Resources */,
				A798C4B12943D3F0006AD36C /* Assets.xcassets in Resources */,
			);
			runOnlyForDeploymentPostprocessing = 0;
		};
		A798C4B72943D3F0006AD36C /* Resources */ = {
			isa = PBXResourcesBuildPhase;
			buildActionMask = 2147483647;
			files = (
			);
			runOnlyForDeploymentPostprocessing = 0;
		};
		A798C4C12943D3F0006AD36C /* Resources */ = {
			isa = PBXResourcesBuildPhase;
			buildActionMask = 2147483647;
			files = (
			);
			runOnlyForDeploymentPostprocessing = 0;
		};
/* End PBXResourcesBuildPhase section */

/* Begin PBXSourcesBuildPhase section */
		A798C4A32943D3EF006AD36C /* Sources */ = {
			isa = PBXSourcesBuildPhase;
			buildActionMask = 2147483647;
			files = (
				A798C4D92943D660006AD36C /* ARViewModel.swift in Sources */,
				A798C4D72943D5EB006AD36C /* ARModel.swift in Sources */,
				A798C4AD2943D3EF006AD36C /* ContentView.swift in Sources */,
				A798C4AB2943D3EF006AD36C /* AppDelegate.swift in Sources */,
				A798C4AF2943D3EF006AD36C /* Experience.rcproject in Sources */,
			);
			runOnlyForDeploymentPostprocessing = 0;
		};
		A798C4B52943D3F0006AD36C /* Sources */ = {
			isa = PBXSourcesBuildPhase;
			buildActionMask = 2147483647;
			files = (
				A798C4BE2943D3F0006AD36C /* RecognizeSmileWIthARTests.swift in Sources */,
			);
			runOnlyForDeploymentPostprocessing = 0;
		};
		A798C4BF2943D3F0006AD36C /* Sources */ = {
			isa = PBXSourcesBuildPhase;
			buildActionMask = 2147483647;
			files = (
				A798C4C82943D3F0006AD36C /* RecognizeSmileWIthARUITests.swift in Sources */,
				A798C4CA2943D3F0006AD36C /* RecognizeSmileWIthARUITestsLaunchTests.swift in Sources */,
			);
			runOnlyForDeploymentPostprocessing = 0;
		};
/* End PBXSourcesBuildPhase section */

/* Begin PBXTargetDependency section */
		A798C4BB2943D3F0006AD36C /* PBXTargetDependency */ = {
			isa = PBXTargetDependency;
			target = A798C4A62943D3EF006AD36C /* RecognizeSmileWIthAR */;
			targetProxy = A798C4BA2943D3F0006AD36C /* PBXContainerItemProxy */;
		};
		A798C4C52943D3F0006AD36C /* PBXTargetDependency */ = {
			isa = PBXTargetDependency;
			target = A798C4A62943D3EF006AD36C /* RecognizeSmileWIthAR */;
			targetProxy = A798C4C42943D3F0006AD36C /* PBXContainerItemProxy */;
		};
/* End PBXTargetDependency section */

/* Begin XCBuildConfiguration section */
		A798C4CB2943D3F0006AD36C /* Debug */ = {
			isa = XCBuildConfiguration;
			buildSettings = {
				ALWAYS_SEARCH_USER_PATHS = NO;
				CLANG_ANALYZER_NONNULL = YES;
				CLANG_ANALYZER_NUMBER_OBJECT_CONVERSION = YES_AGGRESSIVE;
				CLANG_CXX_LANGUAGE_STANDARD = "gnu++20";
				CLANG_ENABLE_MODULES = YES;
				CLANG_ENABLE_OBJC_ARC = YES;
				CLANG_ENABLE_OBJC_WEAK = YES;
				CLANG_WARN_BLOCK_CAPTURE_AUTORELEASING = YES;
				CLANG_WARN_BOOL_CONVERSION = YES;
				CLANG_WARN_COMMA = YES;
				CLANG_WARN_CONSTANT_CONVERSION = YES;
				CLANG_WARN_DEPRECATED_OBJC_IMPLEMENTATIONS = YES;
				CLANG_WARN_DIRECT_OBJC_ISA_USAGE = YES_ERROR;
				CLANG_WARN_DOCUMENTATION_COMMENTS = YES;
				CLANG_WARN_EMPTY_BODY = YES;
				CLANG_WARN_ENUM_CONVERSION = YES;
				CLANG_WARN_INFINITE_RECURSION = YES;
				CLANG_WARN_INT_CONVERSION = YES;
				CLANG_WARN_NON_LITERAL_NULL_CONVERSION = YES;
				CLANG_WARN_OBJC_IMPLICIT_RETAIN_SELF = YES;
				CLANG_WARN_OBJC_LITERAL_CONVERSION = YES;
				CLANG_WARN_OBJC_ROOT_CLASS = YES_ERROR;
				CLANG_WARN_QUOTED_INCLUDE_IN_FRAMEWORK_HEADER = YES;
				CLANG_WARN_RANGE_LOOP_ANALYSIS = YES;
				CLANG_WARN_STRICT_PROTOTYPES = YES;
				CLANG_WARN_SUSPICIOUS_MOVE = YES;
				CLANG_WARN_UNGUARDED_AVAILABILITY = YES_AGGRESSIVE;
				CLANG_WARN_UNREACHABLE_CODE = YES;
				CLANG_WARN__DUPLICATE_METHOD_MATCH = YES;
				COPY_PHASE_STRIP = NO;
				DEBUG_INFORMATION_FORMAT = dwarf;
				ENABLE_STRICT_OBJC_MSGSEND = YES;
				ENABLE_TESTABILITY = YES;
				GCC_C_LANGUAGE_STANDARD = gnu11;
				GCC_DYNAMIC_NO_PIC = NO;
				GCC_NO_COMMON_BLOCKS = YES;
				GCC_OPTIMIZATION_LEVEL = 0;
				GCC_PREPROCESSOR_DEFINITIONS = (
					"DEBUG=1",
					"$(inherited)",
				);
				GCC_WARN_64_TO_32_BIT_CONVERSION = YES;
				GCC_WARN_ABOUT_RETURN_TYPE = YES_ERROR;
				GCC_WARN_UNDECLARED_SELECTOR = YES;
				GCC_WARN_UNINITIALIZED_AUTOS = YES_AGGRESSIVE;
				GCC_WARN_UNUSED_FUNCTION = YES;
				GCC_WARN_UNUSED_VARIABLE = YES;
				IPHONEOS_DEPLOYMENT_TARGET = 16.1;
				MTL_ENABLE_DEBUG_INFO = INCLUDE_SOURCE;
				MTL_FAST_MATH = YES;
				ONLY_ACTIVE_ARCH = YES;
				SDKROOT = iphoneos;
				SWIFT_ACTIVE_COMPILATION_CONDITIONS = DEBUG;
				SWIFT_OPTIMIZATION_LEVEL = "-Onone";
			};
			name = Debug;
		};
		A798C4CC2943D3F0006AD36C /* Release */ = {
			isa = XCBuildConfiguration;
			buildSettings = {
				ALWAYS_SEARCH_USER_PATHS = NO;
				CLANG_ANALYZER_NONNULL = YES;
				CLANG_ANALYZER_NUMBER_OBJECT_CONVERSION = YES_AGGRESSIVE;
				CLANG_CXX_LANGUAGE_STANDARD = "gnu++20";
				CLANG_ENABLE_MODULES = YES;
				CLANG_ENABLE_OBJC_ARC = YES;
				CLANG_ENABLE_OBJC_WEAK = YES;
				CLANG_WARN_BLOCK_CAPTURE_AUTORELEASING = YES;
				CLANG_WARN_BOOL_CONVERSION = YES;
				CLANG_WARN_COMMA = YES;
				CLANG_WARN_CONSTANT_CONVERSION = YES;
				CLANG_WARN_DEPRECATED_OBJC_IMPLEMENTATIONS = YES;
				CLANG_WARN_DIRECT_OBJC_ISA_USAGE = YES_ERROR;
				CLANG_WARN_DOCUMENTATION_COMMENTS = YES;
				CLANG_WARN_EMPTY_BODY = YES;
				CLANG_WARN_ENUM_CONVERSION = YES;
				CLANG_WARN_INFINITE_RECURSION = YES;
				CLANG_WARN_INT_CONVERSION = YES;
				CLANG_WARN_NON_LITERAL_NULL_CONVERSION = YES;
				CLANG_WARN_OBJC_IMPLICIT_RETAIN_SELF = YES;
				CLANG_WARN_OBJC_LITERAL_CONVERSION = YES;
				CLANG_WARN_OBJC_ROOT_CLASS = YES_ERROR;
				CLANG_WARN_QUOTED_INCLUDE_IN_FRAMEWORK_HEADER = YES;
				CLANG_WARN_RANGE_LOOP_ANALYSIS = YES;
				CLANG_WARN_STRICT_PROTOTYPES = YES;
				CLANG_WARN_SUSPICIOUS_MOVE = YES;
				CLANG_WARN_UNGUARDED_AVAILABILITY = YES_AGGRESSIVE;
				CLANG_WARN_UNREACHABLE_CODE = YES;
				CLANG_WARN__DUPLICATE_METHOD_MATCH = YES;
				COPY_PHASE_STRIP = NO;
				DEBUG_INFORMATION_FORMAT = "dwarf-with-dsym";
				ENABLE_NS_ASSERTIONS = NO;
				ENABLE_STRICT_OBJC_MSGSEND = YES;
				GCC_C_LANGUAGE_STANDARD = gnu11;
				GCC_NO_COMMON_BLOCKS = YES;
				GCC_WARN_64_TO_32_BIT_CONVERSION = YES;
				GCC_WARN_ABOUT_RETURN_TYPE = YES_ERROR;
				GCC_WARN_UNDECLARED_SELECTOR = YES;
				GCC_WARN_UNINITIALIZED_AUTOS = YES_AGGRESSIVE;
				GCC_WARN_UNUSED_FUNCTION = YES;
				GCC_WARN_UNUSED_VARIABLE = YES;
				IPHONEOS_DEPLOYMENT_TARGET = 16.1;
				MTL_ENABLE_DEBUG_INFO = NO;
				MTL_FAST_MATH = YES;
				SDKROOT = iphoneos;
				SWIFT_COMPILATION_MODE = wholemodule;
				SWIFT_OPTIMIZATION_LEVEL = "-O";
				VALIDATE_PRODUCT = YES;
			};
			name = Release;
		};
		A798C4CE2943D3F0006AD36C /* Debug */ = {
			isa = XCBuildConfiguration;
			buildSettings = {
				ASSETCATALOG_COMPILER_APPICON_NAME = AppIcon;
				ASSETCATALOG_COMPILER_GLOBAL_ACCENT_COLOR_NAME = AccentColor;
				CODE_SIGN_STYLE = Automatic;
				CURRENT_PROJECT_VERSION = 1;
				DEVELOPMENT_ASSET_PATHS = "\"RecognizeSmileWIthAR/Preview Content\"";
				DEVELOPMENT_TEAM = 895264CP6B;
				ENABLE_PREVIEWS = YES;
				GENERATE_INFOPLIST_FILE = YES;
				INFOPLIST_KEY_NSCameraUsageDescription = "";
				INFOPLIST_KEY_UIApplicationSupportsIndirectInputEvents = YES;
				INFOPLIST_KEY_UILaunchScreen_Generation = YES;
				INFOPLIST_KEY_UIRequiredDeviceCapabilities = arkit;
				INFOPLIST_KEY_UIStatusBarHidden = YES;
				INFOPLIST_KEY_UISupportedInterfaceOrientations_iPad = "UIInterfaceOrientationPortrait UIInterfaceOrientationPortraitUpsideDown UIInterfaceOrientationLandscapeLeft UIInterfaceOrientationLandscapeRight";
				INFOPLIST_KEY_UISupportedInterfaceOrientations_iPhone = "UIInterfaceOrientationPortrait UIInterfaceOrientationLandscapeLeft UIInterfaceOrientationLandscapeRight";
				LD_RUNPATH_SEARCH_PATHS = (
					"$(inherited)",
					"@executable_path/Frameworks",
				);
				MARKETING_VERSION = 1.0;
				PRODUCT_BUNDLE_IDENTIFIER = bruno.RecognizeSmileWIthAR;
				PRODUCT_NAME = "$(TARGET_NAME)";
				SWIFT_EMIT_LOC_STRINGS = YES;
				SWIFT_VERSION = 5.0;
				TARGETED_DEVICE_FAMILY = "1,2";
			};
			name = Debug;
		};
		A798C4CF2943D3F0006AD36C /* Release */ = {
			isa = XCBuildConfiguration;
			buildSettings = {
				ASSETCATALOG_COMPILER_APPICON_NAME = AppIcon;
				ASSETCATALOG_COMPILER_GLOBAL_ACCENT_COLOR_NAME = AccentColor;
				CODE_SIGN_STYLE = Automatic;
				CURRENT_PROJECT_VERSION = 1;
				DEVELOPMENT_ASSET_PATHS = "\"RecognizeSmileWIthAR/Preview Content\"";
				DEVELOPMENT_TEAM = 895264CP6B;
				ENABLE_PREVIEWS = YES;
				GENERATE_INFOPLIST_FILE = YES;
				INFOPLIST_KEY_NSCameraUsageDescription = "";
				INFOPLIST_KEY_UIApplicationSupportsIndirectInputEvents = YES;
				INFOPLIST_KEY_UILaunchScreen_Generation = YES;
				INFOPLIST_KEY_UIRequiredDeviceCapabilities = arkit;
				INFOPLIST_KEY_UIStatusBarHidden = YES;
				INFOPLIST_KEY_UISupportedInterfaceOrientations_iPad = "UIInterfaceOrientationPortrait UIInterfaceOrientationPortraitUpsideDown UIInterfaceOrientationLandscapeLeft UIInterfaceOrientationLandscapeRight";
				INFOPLIST_KEY_UISupportedInterfaceOrientations_iPhone = "UIInterfaceOrientationPortrait UIInterfaceOrientationLandscapeLeft UIInterfaceOrientationLandscapeRight";
				LD_RUNPATH_SEARCH_PATHS = (
					"$(inherited)",
					"@executable_path/Frameworks",
				);
				MARKETING_VERSION = 1.0;
				PRODUCT_BUNDLE_IDENTIFIER = bruno.RecognizeSmileWIthAR;
				PRODUCT_NAME = "$(TARGET_NAME)";
				SWIFT_EMIT_LOC_STRINGS = YES;
				SWIFT_VERSION = 5.0;
				TARGETED_DEVICE_FAMILY = "1,2";
			};
			name = Release;
		};
		A798C4D12943D3F0006AD36C /* Debug */ = {
			isa = XCBuildConfiguration;
			buildSettings = {
				ALWAYS_EMBED_SWIFT_STANDARD_LIBRARIES = YES;
				BUNDLE_LOADER = "$(TEST_HOST)";
				CODE_SIGN_STYLE = Automatic;
				CURRENT_PROJECT_VERSION = 1;
				DEVELOPMENT_TEAM = 895264CP6B;
				GENERATE_INFOPLIST_FILE = YES;
				IPHONEOS_DEPLOYMENT_TARGET = 16.1;
				MARKETING_VERSION = 1.0;
				PRODUCT_BUNDLE_IDENTIFIER = bruno.RecognizeSmileWIthARTests;
				PRODUCT_NAME = "$(TARGET_NAME)";
				SWIFT_EMIT_LOC_STRINGS = NO;
				SWIFT_VERSION = 5.0;
				TARGETED_DEVICE_FAMILY = "1,2";
				TEST_HOST = "$(BUILT_PRODUCTS_DIR)/RecognizeSmileWIthAR.app/$(BUNDLE_EXECUTABLE_FOLDER_PATH)/RecognizeSmileWIthAR";
			};
			name = Debug;
		};
		A798C4D22943D3F0006AD36C /* Release */ = {
			isa = XCBuildConfiguration;
			buildSettings = {
				ALWAYS_EMBED_SWIFT_STANDARD_LIBRARIES = YES;
				BUNDLE_LOADER = "$(TEST_HOST)";
				CODE_SIGN_STYLE = Automatic;
				CURRENT_PROJECT_VERSION = 1;
				DEVELOPMENT_TEAM = 895264CP6B;
				GENERATE_INFOPLIST_FILE = YES;
				IPHONEOS_DEPLOYMENT_TARGET = 16.1;
				MARKETING_VERSION = 1.0;
				PRODUCT_BUNDLE_IDENTIFIER = bruno.RecognizeSmileWIthARTests;
				PRODUCT_NAME = "$(TARGET_NAME)";
				SWIFT_EMIT_LOC_STRINGS = NO;
				SWIFT_VERSION = 5.0;
				TARGETED_DEVICE_FAMILY = "1,2";
				TEST_HOST = "$(BUILT_PRODUCTS_DIR)/RecognizeSmileWIthAR.app/$(BUNDLE_EXECUTABLE_FOLDER_PATH)/RecognizeSmileWIthAR";
			};
			name = Release;
		};
		A798C4D42943D3F0006AD36C /* Debug */ = {
			isa = XCBuildConfiguration;
			buildSettings = {
				ALWAYS_EMBED_SWIFT_STANDARD_LIBRARIES = YES;
				CODE_SIGN_STYLE = Automatic;
				CURRENT_PROJECT_VERSION = 1;
				DEVELOPMENT_TEAM = 895264CP6B;
				GENERATE_INFOPLIST_FILE = YES;
				MARKETING_VERSION = 1.0;
				PRODUCT_BUNDLE_IDENTIFIER = bruno.RecognizeSmileWIthARUITests;
				PRODUCT_NAME = "$(TARGET_NAME)";
				SWIFT_EMIT_LOC_STRINGS = NO;
				SWIFT_VERSION = 5.0;
				TARGETED_DEVICE_FAMILY = "1,2";
				TEST_TARGET_NAME = RecognizeSmileWIthAR;
			};
			name = Debug;
		};
		A798C4D52943D3F0006AD36C /* Release */ = {
			isa = XCBuildConfiguration;
			buildSettings = {
				ALWAYS_EMBED_SWIFT_STANDARD_LIBRARIES = YES;
				CODE_SIGN_STYLE = Automatic;
				CURRENT_PROJECT_VERSION = 1;
				DEVELOPMENT_TEAM = 895264CP6B;
				GENERATE_INFOPLIST_FILE = YES;
				MARKETING_VERSION = 1.0;
				PRODUCT_BUNDLE_IDENTIFIER = bruno.RecognizeSmileWIthARUITests;
				PRODUCT_NAME = "$(TARGET_NAME)";
				SWIFT_EMIT_LOC_STRINGS = NO;
				SWIFT_VERSION = 5.0;
				TARGETED_DEVICE_FAMILY = "1,2";
				TEST_TARGET_NAME = RecognizeSmileWIthAR;
			};
			name = Release;
		};
/* End XCBuildConfiguration section */

/* Begin XCConfigurationList section */
		A798C4A22943D3EF006AD36C /* Build configuration list for PBXProject "RecognizeSmileWIthAR" */ = {
			isa = XCConfigurationList;
			buildConfigurations = (
				A798C4CB2943D3F0006AD36C /* Debug */,
				A798C4CC2943D3F0006AD36C /* Release */,
			);
			defaultConfigurationIsVisible = 0;
			defaultConfigurationName = Release;
		};
		A798C4CD2943D3F0006AD36C /* Build configuration list for PBXNativeTarget "RecognizeSmileWIthAR" */ = {
			isa = XCConfigurationList;
			buildConfigurations = (
				A798C4CE2943D3F0006AD36C /* Debug */,
				A798C4CF2943D3F0006AD36C /* Release */,
			);
			defaultConfigurationIsVisible = 0;
			defaultConfigurationName = Release;
		};
		A798C4D02943D3F0006AD36C /* Build configuration list for PBXNativeTarget "RecognizeSmileWIthARTests" */ = {
			isa = XCConfigurationList;
			buildConfigurations = (
				A798C4D12943D3F0006AD36C /* Debug */,
				A798C4D22943D3F0006AD36C /* Release */,
			);
			defaultConfigurationIsVisible = 0;
			defaultConfigurationName = Release;
		};
		A798C4D32943D3F0006AD36C /* Build configuration list for PBXNativeTarget "RecognizeSmileWIthARUITests" */ = {
			isa = XCConfigurationList;
			buildConfigurations = (
				A798C4D42943D3F0006AD36C /* Debug */,
				A798C4D52943D3F0006AD36C /* Release */,
			);
			defaultConfigurationIsVisible = 0;
			defaultConfigurationName = Release;
		};
/* End XCConfigurationList section */
	};
	rootObject = A798C49F2943D3EF006AD36C /* Project object */;
}
